// !$*UTF8*$!
{
	archiveVersion = 1;
	classes = {
	};
	objectVersion = 56;
	objects = {

/* Begin PBXBuildFile section */
		6E4F0EDF2B0FE55A00AE83F6 /* Wallet_XXXApp.swift in Sources */ = {isa = PBXBuildFile; fileRef = 6E4F0EDE2B0FE55A00AE83F6 /* Wallet_XXXApp.swift */; };
		6E4F0EE12B0FE55A00AE83F6 /* ContentView.swift in Sources */ = {isa = PBXBuildFile; fileRef = 6E4F0EE02B0FE55A00AE83F6 /* ContentView.swift */; };
		6E4F0EE32B0FE55B00AE83F6 /* Assets.xcassets in Resources */ = {isa = PBXBuildFile; fileRef = 6E4F0EE22B0FE55B00AE83F6 /* Assets.xcassets */; };
		6E4F0EE72B0FE55B00AE83F6 /* Preview Assets.xcassets in Resources */ = {isa = PBXBuildFile; fileRef = 6E4F0EE62B0FE55B00AE83F6 /* Preview Assets.xcassets */; };
		6E4F0EF12B0FE55B00AE83F6 /* Wallet_XXXTests.swift in Sources */ = {isa = PBXBuildFile; fileRef = 6E4F0EF02B0FE55B00AE83F6 /* Wallet_XXXTests.swift */; };
		6E4F0EFB2B0FE55B00AE83F6 /* Wallet_XXXUITests.swift in Sources */ = {isa = PBXBuildFile; fileRef = 6E4F0EFA2B0FE55B00AE83F6 /* Wallet_XXXUITests.swift */; };
		6E4F0EFD2B0FE55B00AE83F6 /* Wallet_XXXUITestsLaunchTests.swift in Sources */ = {isa = PBXBuildFile; fileRef = 6E4F0EFC2B0FE55B00AE83F6 /* Wallet_XXXUITestsLaunchTests.swift */; };
/* End PBXBuildFile section */

/* Begin PBXContainerItemProxy section */
		6E4F0EED2B0FE55B00AE83F6 /* PBXContainerItemProxy */ = {
			isa = PBXContainerItemProxy;
			containerPortal = 6E4F0ED32B0FE55A00AE83F6 /* Project object */;
			proxyType = 1;
			remoteGlobalIDString = 6E4F0EDA2B0FE55A00AE83F6;
			remoteInfo = Wallet_XXX;
		};
		6E4F0EF72B0FE55B00AE83F6 /* PBXContainerItemProxy */ = {
			isa = PBXContainerItemProxy;
			containerPortal = 6E4F0ED32B0FE55A00AE83F6 /* Project object */;
			proxyType = 1;
			remoteGlobalIDString = 6E4F0EDA2B0FE55A00AE83F6;
			remoteInfo = Wallet_XXX;
		};
/* End PBXContainerItemProxy section */

/* Begin PBXFileReference section */
		6E4F0EDB2B0FE55A00AE83F6 /* Wallet_XXX.app */ = {isa = PBXFileReference; explicitFileType = wrapper.application; includeInIndex = 0; path = Wallet_XXX.app; sourceTree = BUILT_PRODUCTS_DIR; };
		6E4F0EDE2B0FE55A00AE83F6 /* Wallet_XXXApp.swift */ = {isa = PBXFileReference; lastKnownFileType = sourcecode.swift; path = Wallet_XXXApp.swift; sourceTree = "<group>"; };
		6E4F0EE02B0FE55A00AE83F6 /* ContentView.swift */ = {isa = PBXFileReference; lastKnownFileType = sourcecode.swift; path = ContentView.swift; sourceTree = "<group>"; };
		6E4F0EE22B0FE55B00AE83F6 /* Assets.xcassets */ = {isa = PBXFileReference; lastKnownFileType = folder.assetcatalog; path = Assets.xcassets; sourceTree = "<group>"; };
		6E4F0EE42B0FE55B00AE83F6 /* Wallet_XXX.entitlements */ = {isa = PBXFileReference; lastKnownFileType = text.plist.entitlements; path = Wallet_XXX.entitlements; sourceTree = "<group>"; };
		6E4F0EE62B0FE55B00AE83F6 /* Preview Assets.xcassets */ = {isa = PBXFileReference; lastKnownFileType = folder.assetcatalog; path = "Preview Assets.xcassets"; sourceTree = "<group>"; };
		6E4F0EEC2B0FE55B00AE83F6 /* Wallet_XXXTests.xctest */ = {isa = PBXFileReference; explicitFileType = wrapper.cfbundle; includeInIndex = 0; path = Wallet_XXXTests.xctest; sourceTree = BUILT_PRODUCTS_DIR; };
		6E4F0EF02B0FE55B00AE83F6 /* Wallet_XXXTests.swift */ = {isa = PBXFileReference; lastKnownFileType = sourcecode.swift; path = Wallet_XXXTests.swift; sourceTree = "<group>"; };
		6E4F0EF62B0FE55B00AE83F6 /* Wallet_XXXUITests.xctest */ = {isa = PBXFileReference; explicitFileType = wrapper.cfbundle; includeInIndex = 0; path = Wallet_XXXUITests.xctest; sourceTree = BUILT_PRODUCTS_DIR; };
		6E4F0EFA2B0FE55B00AE83F6 /* Wallet_XXXUITests.swift */ = {isa = PBXFileReference; lastKnownFileType = sourcecode.swift; path = Wallet_XXXUITests.swift; sourceTree = "<group>"; };
		6E4F0EFC2B0FE55B00AE83F6 /* Wallet_XXXUITestsLaunchTests.swift */ = {isa = PBXFileReference; lastKnownFileType = sourcecode.swift; path = Wallet_XXXUITestsLaunchTests.swift; sourceTree = "<group>"; };
/* End PBXFileReference section */

/* Begin PBXFrameworksBuildPhase section */
		6E4F0ED82B0FE55A00AE83F6 /* Frameworks */ = {
			isa = PBXFrameworksBuildPhase;
			buildActionMask = 2147483647;
			files = (
			);
			runOnlyForDeploymentPostprocessing = 0;
		};
		6E4F0EE92B0FE55B00AE83F6 /* Frameworks */ = {
			isa = PBXFrameworksBuildPhase;
			buildActionMask = 2147483647;
			files = (
			);
			runOnlyForDeploymentPostprocessing = 0;
		};
		6E4F0EF32B0FE55B00AE83F6 /* Frameworks */ = {
			isa = PBXFrameworksBuildPhase;
			buildActionMask = 2147483647;
			files = (
			);
			runOnlyForDeploymentPostprocessing = 0;
		};
/* End PBXFrameworksBuildPhase section */

/* Begin PBXGroup section */
		6E4F0ED22B0FE55A00AE83F6 = {
			isa = PBXGroup;
			children = (
				6E4F0EDD2B0FE55A00AE83F6 /* Wallet_XXX */,
				6E4F0EEF2B0FE55B00AE83F6 /* Wallet_XXXTests */,
				6E4F0EF92B0FE55B00AE83F6 /* Wallet_XXXUITests */,
				6E4F0EDC2B0FE55A00AE83F6 /* Products */,
			);
			sourceTree = "<group>";
		};
		6E4F0EDC2B0FE55A00AE83F6 /* Products */ = {
			isa = PBXGroup;
			children = (
				6E4F0EDB2B0FE55A00AE83F6 /* Wallet_XXX.app */,
				6E4F0EEC2B0FE55B00AE83F6 /* Wallet_XXXTests.xctest */,
				6E4F0EF62B0FE55B00AE83F6 /* Wallet_XXXUITests.xctest */,
			);
			name = Products;
			sourceTree = "<group>";
		};
		6E4F0EDD2B0FE55A00AE83F6 /* Wallet_XXX */ = {
			isa = PBXGroup;
			children = (
				6E4F0EDE2B0FE55A00AE83F6 /* Wallet_XXXApp.swift */,
				6E4F0EE02B0FE55A00AE83F6 /* ContentView.swift */,
				6E4F0EE22B0FE55B00AE83F6 /* Assets.xcassets */,
				6E4F0EE42B0FE55B00AE83F6 /* Wallet_XXX.entitlements */,
				6E4F0EE52B0FE55B00AE83F6 /* Preview Content */,
			);
			path = Wallet_XXX;
			sourceTree = "<group>";
		};
		6E4F0EE52B0FE55B00AE83F6 /* Preview Content */ = {
			isa = PBXGroup;
			children = (
				6E4F0EE62B0FE55B00AE83F6 /* Preview Assets.xcassets */,
			);
			path = "Preview Content";
			sourceTree = "<group>";
		};
		6E4F0EEF2B0FE55B00AE83F6 /* Wallet_XXXTests */ = {
			isa = PBXGroup;
			children = (
				6E4F0EF02B0FE55B00AE83F6 /* Wallet_XXXTests.swift */,
			);
			path = Wallet_XXXTests;
			sourceTree = "<group>";
		};
		6E4F0EF92B0FE55B00AE83F6 /* Wallet_XXXUITests */ = {
			isa = PBXGroup;
			children = (
				6E4F0EFA2B0FE55B00AE83F6 /* Wallet_XXXUITests.swift */,
				6E4F0EFC2B0FE55B00AE83F6 /* Wallet_XXXUITestsLaunchTests.swift */,
			);
			path = Wallet_XXXUITests;
			sourceTree = "<group>";
		};
/* End PBXGroup section */

/* Begin PBXNativeTarget section */
		6E4F0EDA2B0FE55A00AE83F6 /* Wallet_XXX */ = {
			isa = PBXNativeTarget;
			buildConfigurationList = 6E4F0F002B0FE55B00AE83F6 /* Build configuration list for PBXNativeTarget "Wallet_XXX" */;
			buildPhases = (
				6E4F0ED72B0FE55A00AE83F6 /* Sources */,
				6E4F0ED82B0FE55A00AE83F6 /* Frameworks */,
				6E4F0ED92B0FE55A00AE83F6 /* Resources */,
			);
			buildRules = (
			);
			dependencies = (
			);
			name = Wallet_XXX;
			productName = Wallet_XXX;
			productReference = 6E4F0EDB2B0FE55A00AE83F6 /* Wallet_XXX.app */;
			productType = "com.apple.product-type.application";
		};
		6E4F0EEB2B0FE55B00AE83F6 /* Wallet_XXXTests */ = {
			isa = PBXNativeTarget;
			buildConfigurationList = 6E4F0F032B0FE55B00AE83F6 /* Build configuration list for PBXNativeTarget "Wallet_XXXTests" */;
			buildPhases = (
				6E4F0EE82B0FE55B00AE83F6 /* Sources */,
				6E4F0EE92B0FE55B00AE83F6 /* Frameworks */,
				6E4F0EEA2B0FE55B00AE83F6 /* Resources */,
			);
			buildRules = (
			);
			dependencies = (
				6E4F0EEE2B0FE55B00AE83F6 /* PBXTargetDependency */,
			);
			name = Wallet_XXXTests;
			productName = Wallet_XXXTests;
			productReference = 6E4F0EEC2B0FE55B00AE83F6 /* Wallet_XXXTests.xctest */;
			productType = "com.apple.product-type.bundle.unit-test";
		};
		6E4F0EF52B0FE55B00AE83F6 /* Wallet_XXXUITests */ = {
			isa = PBXNativeTarget;
			buildConfigurationList = 6E4F0F062B0FE55B00AE83F6 /* Build configuration list for PBXNativeTarget "Wallet_XXXUITests" */;
			buildPhases = (
				6E4F0EF22B0FE55B00AE83F6 /* Sources */,
				6E4F0EF32B0FE55B00AE83F6 /* Frameworks */,
				6E4F0EF42B0FE55B00AE83F6 /* Resources */,
			);
			buildRules = (
			);
			dependencies = (
				6E4F0EF82B0FE55B00AE83F6 /* PBXTargetDependency */,
			);
			name = Wallet_XXXUITests;
			productName = Wallet_XXXUITests;
			productReference = 6E4F0EF62B0FE55B00AE83F6 /* Wallet_XXXUITests.xctest */;
			productType = "com.apple.product-type.bundle.ui-testing";
		};
/* End PBXNativeTarget section */

/* Begin PBXProject section */
		6E4F0ED32B0FE55A00AE83F6 /* Project object */ = {
			isa = PBXProject;
			attributes = {
				BuildIndependentTargetsInParallel = 1;
				LastSwiftUpdateCheck = 1430;
				LastUpgradeCheck = 1430;
				TargetAttributes = {
					6E4F0EDA2B0FE55A00AE83F6 = {
						CreatedOnToolsVersion = 14.3.1;
					};
					6E4F0EEB2B0FE55B00AE83F6 = {
						CreatedOnToolsVersion = 14.3.1;
						TestTargetID = 6E4F0EDA2B0FE55A00AE83F6;
					};
					6E4F0EF52B0FE55B00AE83F6 = {
						CreatedOnToolsVersion = 14.3.1;
						TestTargetID = 6E4F0EDA2B0FE55A00AE83F6;
					};
				};
			};
			buildConfigurationList = 6E4F0ED62B0FE55A00AE83F6 /* Build configuration list for PBXProject "Wallet_XXX" */;
			compatibilityVersion = "Xcode 14.0";
			developmentRegion = en;
			hasScannedForEncodings = 0;
			knownRegions = (
				en,
				Base,
			);
			mainGroup = 6E4F0ED22B0FE55A00AE83F6;
			productRefGroup = 6E4F0EDC2B0FE55A00AE83F6 /* Products */;
			projectDirPath = "";
			projectRoot = "";
			targets = (
				6E4F0EDA2B0FE55A00AE83F6 /* Wallet_XXX */,
				6E4F0EEB2B0FE55B00AE83F6 /* Wallet_XXXTests */,
				6E4F0EF52B0FE55B00AE83F6 /* Wallet_XXXUITests */,
			);
		};
/* End PBXProject section */

/* Begin PBXResourcesBuildPhase section */
		6E4F0ED92B0FE55A00AE83F6 /* Resources */ = {
			isa = PBXResourcesBuildPhase;
			buildActionMask = 2147483647;
			files = (
				6E4F0EE72B0FE55B00AE83F6 /* Preview Assets.xcassets in Resources */,
				6E4F0EE32B0FE55B00AE83F6 /* Assets.xcassets in Resources */,
			);
			runOnlyForDeploymentPostprocessing = 0;
		};
		6E4F0EEA2B0FE55B00AE83F6 /* Resources */ = {
			isa = PBXResourcesBuildPhase;
			buildActionMask = 2147483647;
			files = (
			);
			runOnlyForDeploymentPostprocessing = 0;
		};
		6E4F0EF42B0FE55B00AE83F6 /* Resources */ = {
			isa = PBXResourcesBuildPhase;
			buildActionMask = 2147483647;
			files = (
			);
			runOnlyForDeploymentPostprocessing = 0;
		};
/* End PBXResourcesBuildPhase section */

/* Begin PBXSourcesBuildPhase section */
		6E4F0ED72B0FE55A00AE83F6 /* Sources */ = {
			isa = PBXSourcesBuildPhase;
			buildActionMask = 2147483647;
			files = (
				6E4F0EE12B0FE55A00AE83F6 /* ContentView.swift in Sources */,
				6E4F0EDF2B0FE55A00AE83F6 /* Wallet_XXXApp.swift in Sources */,
			);
			runOnlyForDeploymentPostprocessing = 0;
		};
		6E4F0EE82B0FE55B00AE83F6 /* Sources */ = {
			isa = PBXSourcesBuildPhase;
			buildActionMask = 2147483647;
			files = (
				6E4F0EF12B0FE55B00AE83F6 /* Wallet_XXXTests.swift in Sources */,
			);
			runOnlyForDeploymentPostprocessing = 0;
		};
		6E4F0EF22B0FE55B00AE83F6 /* Sources */ = {
			isa = PBXSourcesBuildPhase;
			buildActionMask = 2147483647;
			files = (
				6E4F0EFD2B0FE55B00AE83F6 /* Wallet_XXXUITestsLaunchTests.swift in Sources */,
				6E4F0EFB2B0FE55B00AE83F6 /* Wallet_XXXUITests.swift in Sources */,
			);
			runOnlyForDeploymentPostprocessing = 0;
		};
/* End PBXSourcesBuildPhase section */

/* Begin PBXTargetDependency section */
		6E4F0EEE2B0FE55B00AE83F6 /* PBXTargetDependency */ = {
			isa = PBXTargetDependency;
			target = 6E4F0EDA2B0FE55A00AE83F6 /* Wallet_XXX */;
			targetProxy = 6E4F0EED2B0FE55B00AE83F6 /* PBXContainerItemProxy */;
		};
		6E4F0EF82B0FE55B00AE83F6 /* PBXTargetDependency */ = {
			isa = PBXTargetDependency;
			target = 6E4F0EDA2B0FE55A00AE83F6 /* Wallet_XXX */;
			targetProxy = 6E4F0EF72B0FE55B00AE83F6 /* PBXContainerItemProxy */;
		};
/* End PBXTargetDependency section */

/* Begin XCBuildConfiguration section */
		6E4F0EFE2B0FE55B00AE83F6 /* Debug */ = {
			isa = XCBuildConfiguration;
			buildSettings = {
				ALWAYS_SEARCH_USER_PATHS = NO;
				CLANG_ANALYZER_NONNULL = YES;
				CLANG_ANALYZER_NUMBER_OBJECT_CONVERSION = YES_AGGRESSIVE;
				CLANG_CXX_LANGUAGE_STANDARD = "gnu++20";
				CLANG_ENABLE_MODULES = YES;
				CLANG_ENABLE_OBJC_ARC = YES;
				CLANG_ENABLE_OBJC_WEAK = YES;
				CLANG_WARN_BLOCK_CAPTURE_AUTORELEASING = YES;
				CLANG_WARN_BOOL_CONVERSION = YES;
				CLANG_WARN_COMMA = YES;
				CLANG_WARN_CONSTANT_CONVERSION = YES;
				CLANG_WARN_DEPRECATED_OBJC_IMPLEMENTATIONS = YES;
				CLANG_WARN_DIRECT_OBJC_ISA_USAGE = YES_ERROR;
				CLANG_WARN_DOCUMENTATION_COMMENTS = YES;
				CLANG_WARN_EMPTY_BODY = YES;
				CLANG_WARN_ENUM_CONVERSION = YES;
				CLANG_WARN_INFINITE_RECURSION = YES;
				CLANG_WARN_INT_CONVERSION = YES;
				CLANG_WARN_NON_LITERAL_NULL_CONVERSION = YES;
				CLANG_WARN_OBJC_IMPLICIT_RETAIN_SELF = YES;
				CLANG_WARN_OBJC_LITERAL_CONVERSION = YES;
				CLANG_WARN_OBJC_ROOT_CLASS = YES_ERROR;
				CLANG_WARN_QUOTED_INCLUDE_IN_FRAMEWORK_HEADER = YES;
				CLANG_WARN_RANGE_LOOP_ANALYSIS = YES;
				CLANG_WARN_STRICT_PROTOTYPES = YES;
				CLANG_WARN_SUSPICIOUS_MOVE = YES;
				CLANG_WARN_UNGUARDED_AVAILABILITY = YES_AGGRESSIVE;
				CLANG_WARN_UNREACHABLE_CODE = YES;
				CLANG_WARN__DUPLICATE_METHOD_MATCH = YES;
				COPY_PHASE_STRIP = NO;
				DEBUG_INFORMATION_FORMAT = dwarf;
				ENABLE_STRICT_OBJC_MSGSEND = YES;
				ENABLE_TESTABILITY = YES;
				GCC_C_LANGUAGE_STANDARD = gnu11;
				GCC_DYNAMIC_NO_PIC = NO;
				GCC_NO_COMMON_BLOCKS = YES;
				GCC_OPTIMIZATION_LEVEL = 0;
				GCC_PREPROCESSOR_DEFINITIONS = (
					"DEBUG=1",
					"$(inherited)",
				);
				GCC_WARN_64_TO_32_BIT_CONVERSION = YES;
				GCC_WARN_ABOUT_RETURN_TYPE = YES_ERROR;
				GCC_WARN_UNDECLARED_SELECTOR = YES;
				GCC_WARN_UNINITIALIZED_AUTOS = YES_AGGRESSIVE;
				GCC_WARN_UNUSED_FUNCTION = YES;
				GCC_WARN_UNUSED_VARIABLE = YES;
				MTL_ENABLE_DEBUG_INFO = INCLUDE_SOURCE;
				MTL_FAST_MATH = YES;
				ONLY_ACTIVE_ARCH = YES;
				SWIFT_ACTIVE_COMPILATION_CONDITIONS = DEBUG;
				SWIFT_OPTIMIZATION_LEVEL = "-Onone";
			};
			name = Debug;
		};
		6E4F0EFF2B0FE55B00AE83F6 /* Release */ = {
			isa = XCBuildConfiguration;
			buildSettings = {
				ALWAYS_SEARCH_USER_PATHS = NO;
				CLANG_ANALYZER_NONNULL = YES;
				CLANG_ANALYZER_NUMBER_OBJECT_CONVERSION = YES_AGGRESSIVE;
				CLANG_CXX_LANGUAGE_STANDARD = "gnu++20";
				CLANG_ENABLE_MODULES = YES;
				CLANG_ENABLE_OBJC_ARC = YES;
				CLANG_ENABLE_OBJC_WEAK = YES;
				CLANG_WARN_BLOCK_CAPTURE_AUTORELEASING = YES;
				CLANG_WARN_BOOL_CONVERSION = YES;
				CLANG_WARN_COMMA = YES;
				CLANG_WARN_CONSTANT_CONVERSION = YES;
				CLANG_WARN_DEPRECATED_OBJC_IMPLEMENTATIONS = YES;
				CLANG_WARN_DIRECT_OBJC_ISA_USAGE = YES_ERROR;
				CLANG_WARN_DOCUMENTATION_COMMENTS = YES;
				CLANG_WARN_EMPTY_BODY = YES;
				CLANG_WARN_ENUM_CONVERSION = YES;
				CLANG_WARN_INFINITE_RECURSION = YES;
				CLANG_WARN_INT_CONVERSION = YES;
				CLANG_WARN_NON_LITERAL_NULL_CONVERSION = YES;
				CLANG_WARN_OBJC_IMPLICIT_RETAIN_SELF = YES;
				CLANG_WARN_OBJC_LITERAL_CONVERSION = YES;
				CLANG_WARN_OBJC_ROOT_CLASS = YES_ERROR;
				CLANG_WARN_QUOTED_INCLUDE_IN_FRAMEWORK_HEADER = YES;
				CLANG_WARN_RANGE_LOOP_ANALYSIS = YES;
				CLANG_WARN_STRICT_PROTOTYPES = YES;
				CLANG_WARN_SUSPICIOUS_MOVE = YES;
				CLANG_WARN_UNGUARDED_AVAILABILITY = YES_AGGRESSIVE;
				CLANG_WARN_UNREACHABLE_CODE = YES;
				CLANG_WARN__DUPLICATE_METHOD_MATCH = YES;
				COPY_PHASE_STRIP = NO;
				DEBUG_INFORMATION_FORMAT = "dwarf-with-dsym";
				ENABLE_NS_ASSERTIONS = NO;
				ENABLE_STRICT_OBJC_MSGSEND = YES;
				GCC_C_LANGUAGE_STANDARD = gnu11;
				GCC_NO_COMMON_BLOCKS = YES;
				GCC_WARN_64_TO_32_BIT_CONVERSION = YES;
				GCC_WARN_ABOUT_RETURN_TYPE = YES_ERROR;
				GCC_WARN_UNDECLARED_SELECTOR = YES;
				GCC_WARN_UNINITIALIZED_AUTOS = YES_AGGRESSIVE;
				GCC_WARN_UNUSED_FUNCTION = YES;
				GCC_WARN_UNUSED_VARIABLE = YES;
				MTL_ENABLE_DEBUG_INFO = NO;
				MTL_FAST_MATH = YES;
				SWIFT_COMPILATION_MODE = wholemodule;
				SWIFT_OPTIMIZATION_LEVEL = "-O";
			};
			name = Release;
		};
		6E4F0F012B0FE55B00AE83F6 /* Debug */ = {
			isa = XCBuildConfiguration;
			buildSettings = {
				ASSETCATALOG_COMPILER_APPICON_NAME = AppIcon;
				ASSETCATALOG_COMPILER_GLOBAL_ACCENT_COLOR_NAME = AccentColor;
				CODE_SIGN_ENTITLEMENTS = Wallet_XXX/Wallet_XXX.entitlements;
				CODE_SIGN_STYLE = Automatic;
				CURRENT_PROJECT_VERSION = 1;
				DEVELOPMENT_ASSET_PATHS = "\"Wallet_XXX/Preview Content\"";
				DEVELOPMENT_TEAM = 59D3872DX3;
				ENABLE_HARDENED_RUNTIME = YES;
				ENABLE_PREVIEWS = YES;
				GENERATE_INFOPLIST_FILE = YES;
				"INFOPLIST_KEY_UIApplicationSceneManifest_Generation[sdk=iphoneos*]" = YES;
				"INFOPLIST_KEY_UIApplicationSceneManifest_Generation[sdk=iphonesimulator*]" = YES;
				"INFOPLIST_KEY_UIApplicationSupportsIndirectInputEvents[sdk=iphoneos*]" = YES;
				"INFOPLIST_KEY_UIApplicationSupportsIndirectInputEvents[sdk=iphonesimulator*]" = YES;
				"INFOPLIST_KEY_UILaunchScreen_Generation[sdk=iphoneos*]" = YES;
				"INFOPLIST_KEY_UILaunchScreen_Generation[sdk=iphonesimulator*]" = YES;
				"INFOPLIST_KEY_UIStatusBarStyle[sdk=iphoneos*]" = UIStatusBarStyleDefault;
				"INFOPLIST_KEY_UIStatusBarStyle[sdk=iphonesimulator*]" = UIStatusBarStyleDefault;
				INFOPLIST_KEY_UISupportedInterfaceOrientations_iPad = "UIInterfaceOrientationPortrait UIInterfaceOrientationPortraitUpsideDown UIInterfaceOrientationLandscapeLeft UIInterfaceOrientationLandscapeRight";
				INFOPLIST_KEY_UISupportedInterfaceOrientations_iPhone = "UIInterfaceOrientationPortrait UIInterfaceOrientationLandscapeLeft UIInterfaceOrientationLandscapeRight";
				IPHONEOS_DEPLOYMENT_TARGET = 16.4;
				LD_RUNPATH_SEARCH_PATHS = "@executable_path/Frameworks";
				"LD_RUNPATH_SEARCH_PATHS[sdk=macosx*]" = "@executable_path/../Frameworks";
				MACOSX_DEPLOYMENT_TARGET = 13.3;
				MARKETING_VERSION = 1.0;
				PRODUCT_BUNDLE_IDENTIFIER = "IvanDosev.Wallet-XXX";
				PRODUCT_NAME = "$(TARGET_NAME)";
				SDKROOT = auto;
				SUPPORTED_PLATFORMS = "iphoneos iphonesimulator macosx";
				SWIFT_EMIT_LOC_STRINGS = YES;
				SWIFT_VERSION = 5.0;
				TARGETED_DEVICE_FAMILY = "1,2";
			};
			name = Debug;
		};
		6E4F0F022B0FE55B00AE83F6 /* Release */ = {
			isa = XCBuildConfiguration;
			buildSettings = {
				ASSETCATALOG_COMPILER_APPICON_NAME = AppIcon;
				ASSETCATALOG_COMPILER_GLOBAL_ACCENT_COLOR_NAME = AccentColor;
				CODE_SIGN_ENTITLEMENTS = Wallet_XXX/Wallet_XXX.entitlements;
				CODE_SIGN_STYLE = Automatic;
				CURRENT_PROJECT_VERSION = 1;
				DEVELOPMENT_ASSET_PATHS = "\"Wallet_XXX/Preview Content\"";
				DEVELOPMENT_TEAM = 59D3872DX3;
				ENABLE_HARDENED_RUNTIME = YES;
				ENABLE_PREVIEWS = YES;
				GENERATE_INFOPLIST_FILE = YES;
				"INFOPLIST_KEY_UIApplicationSceneManifest_Generation[sdk=iphoneos*]" = YES;
				"INFOPLIST_KEY_UIApplicationSceneManifest_Generation[sdk=iphonesimulator*]" = YES;
				"INFOPLIST_KEY_UIApplicationSupportsIndirectInputEvents[sdk=iphoneos*]" = YES;
				"INFOPLIST_KEY_UIApplicationSupportsIndirectInputEvents[sdk=iphonesimulator*]" = YES;
				"INFOPLIST_KEY_UILaunchScreen_Generation[sdk=iphoneos*]" = YES;
				"INFOPLIST_KEY_UILaunchScreen_Generation[sdk=iphonesimulator*]" = YES;
				"INFOPLIST_KEY_UIStatusBarStyle[sdk=iphoneos*]" = UIStatusBarStyleDefault;
				"INFOPLIST_KEY_UIStatusBarStyle[sdk=iphonesimulator*]" = UIStatusBarStyleDefault;
				INFOPLIST_KEY_UISupportedInterfaceOrientations_iPad = "UIInterfaceOrientationPortrait UIInterfaceOrientationPortraitUpsideDown UIInterfaceOrientationLandscapeLeft UIInterfaceOrientationLandscapeRight";
				INFOPLIST_KEY_UISupportedInterfaceOrientations_iPhone = "UIInterfaceOrientationPortrait UIInterfaceOrientationLandscapeLeft UIInterfaceOrientationLandscapeRight";
				IPHONEOS_DEPLOYMENT_TARGET = 16.4;
				LD_RUNPATH_SEARCH_PATHS = "@executable_path/Frameworks";
				"LD_RUNPATH_SEARCH_PATHS[sdk=macosx*]" = "@executable_path/../Frameworks";
				MACOSX_DEPLOYMENT_TARGET = 13.3;
				MARKETING_VERSION = 1.0;
				PRODUCT_BUNDLE_IDENTIFIER = "IvanDosev.Wallet-XXX";
				PRODUCT_NAME = "$(TARGET_NAME)";
				SDKROOT = auto;
				SUPPORTED_PLATFORMS = "iphoneos iphonesimulator macosx";
				SWIFT_EMIT_LOC_STRINGS = YES;
				SWIFT_VERSION = 5.0;
				TARGETED_DEVICE_FAMILY = "1,2";
			};
			name = Release;
		};
		6E4F0F042B0FE55B00AE83F6 /* Debug */ = {
			isa = XCBuildConfiguration;
			buildSettings = {
				ALWAYS_EMBED_SWIFT_STANDARD_LIBRARIES = YES;
				BUNDLE_LOADER = "$(TEST_HOST)";
				CODE_SIGN_STYLE = Automatic;
				CURRENT_PROJECT_VERSION = 1;
				DEVELOPMENT_TEAM = 59D3872DX3;
				GENERATE_INFOPLIST_FILE = YES;
				IPHONEOS_DEPLOYMENT_TARGET = 16.4;
				MACOSX_DEPLOYMENT_TARGET = 13.3;
				MARKETING_VERSION = 1.0;
				PRODUCT_BUNDLE_IDENTIFIER = "IvanDosev.Wallet-XXXTests";
				PRODUCT_NAME = "$(TARGET_NAME)";
				SDKROOT = auto;
				SUPPORTED_PLATFORMS = "iphoneos iphonesimulator macosx";
				SWIFT_EMIT_LOC_STRINGS = NO;
				SWIFT_VERSION = 5.0;
				TARGETED_DEVICE_FAMILY = "1,2";
				TEST_HOST = "$(BUILT_PRODUCTS_DIR)/Wallet_XXX.app/$(BUNDLE_EXECUTABLE_FOLDER_PATH)/Wallet_XXX";
			};
			name = Debug;
		};
		6E4F0F052B0FE55B00AE83F6 /* Release */ = {
			isa = XCBuildConfiguration;
			buildSettings = {
				ALWAYS_EMBED_SWIFT_STANDARD_LIBRARIES = YES;
				BUNDLE_LOADER = "$(TEST_HOST)";
				CODE_SIGN_STYLE = Automatic;
				CURRENT_PROJECT_VERSION = 1;
				DEVELOPMENT_TEAM = 59D3872DX3;
				GENERATE_INFOPLIST_FILE = YES;
				IPHONEOS_DEPLOYMENT_TARGET = 16.4;
				MACOSX_DEPLOYMENT_TARGET = 13.3;
				MARKETING_VERSION = 1.0;
				PRODUCT_BUNDLE_IDENTIFIER = "IvanDosev.Wallet-XXXTests";
				PRODUCT_NAME = "$(TARGET_NAME)";
				SDKROOT = auto;
				SUPPORTED_PLATFORMS = "iphoneos iphonesimulator macosx";
				SWIFT_EMIT_LOC_STRINGS = NO;
				SWIFT_VERSION = 5.0;
				TARGETED_DEVICE_FAMILY = "1,2";
				TEST_HOST = "$(BUILT_PRODUCTS_DIR)/Wallet_XXX.app/$(BUNDLE_EXECUTABLE_FOLDER_PATH)/Wallet_XXX";
			};
			name = Release;
		};
		6E4F0F072B0FE55B00AE83F6 /* Debug */ = {
			isa = XCBuildConfiguration;
			buildSettings = {
				ALWAYS_EMBED_SWIFT_STANDARD_LIBRARIES = YES;
				CODE_SIGN_STYLE = Automatic;
				CURRENT_PROJECT_VERSION = 1;
				DEVELOPMENT_TEAM = 59D3872DX3;
				GENERATE_INFOPLIST_FILE = YES;
				IPHONEOS_DEPLOYMENT_TARGET = 16.4;
				MACOSX_DEPLOYMENT_TARGET = 13.3;
				MARKETING_VERSION = 1.0;
				PRODUCT_BUNDLE_IDENTIFIER = "IvanDosev.Wallet-XXXUITests";
				PRODUCT_NAME = "$(TARGET_NAME)";
				SDKROOT = auto;
				SUPPORTED_PLATFORMS = "iphoneos iphonesimulator macosx";
				SWIFT_EMIT_LOC_STRINGS = NO;
				SWIFT_VERSION = 5.0;
				TARGETED_DEVICE_FAMILY = "1,2";
				TEST_TARGET_NAME = Wallet_XXX;
			};
			name = Debug;
		};
		6E4F0F082B0FE55B00AE83F6 /* Release */ = {
			isa = XCBuildConfiguration;
			buildSettings = {
				ALWAYS_EMBED_SWIFT_STANDARD_LIBRARIES = YES;
				CODE_SIGN_STYLE = Automatic;
				CURRENT_PROJECT_VERSION = 1;
				DEVELOPMENT_TEAM = 59D3872DX3;
				GENERATE_INFOPLIST_FILE = YES;
				IPHONEOS_DEPLOYMENT_TARGET = 16.4;
				MACOSX_DEPLOYMENT_TARGET = 13.3;
				MARKETING_VERSION = 1.0;
				PRODUCT_BUNDLE_IDENTIFIER = "IvanDosev.Wallet-XXXUITests";
				PRODUCT_NAME = "$(TARGET_NAME)";
				SDKROOT = auto;
				SUPPORTED_PLATFORMS = "iphoneos iphonesimulator macosx";
				SWIFT_EMIT_LOC_STRINGS = NO;
				SWIFT_VERSION = 5.0;
				TARGETED_DEVICE_FAMILY = "1,2";
				TEST_TARGET_NAME = Wallet_XXX;
			};
			name = Release;
		};
/* End XCBuildConfiguration section */

/* Begin XCConfigurationList section */
		6E4F0ED62B0FE55A00AE83F6 /* Build configuration list for PBXProject "Wallet_XXX" */ = {
			isa = XCConfigurationList;
			buildConfigurations = (
				6E4F0EFE2B0FE55B00AE83F6 /* Debug */,
				6E4F0EFF2B0FE55B00AE83F6 /* Release */,
			);
			defaultConfigurationIsVisible = 0;
			defaultConfigurationName = Release;
		};
		6E4F0F002B0FE55B00AE83F6 /* Build configuration list for PBXNativeTarget "Wallet_XXX" */ = {
			isa = XCConfigurationList;
			buildConfigurations = (
				6E4F0F012B0FE55B00AE83F6 /* Debug */,
				6E4F0F022B0FE55B00AE83F6 /* Release */,
			);
			defaultConfigurationIsVisible = 0;
			defaultConfigurationName = Release;
		};
		6E4F0F032B0FE55B00AE83F6 /* Build configuration list for PBXNativeTarget "Wallet_XXXTests" */ = {
			isa = XCConfigurationList;
			buildConfigurations = (
				6E4F0F042B0FE55B00AE83F6 /* Debug */,
				6E4F0F052B0FE55B00AE83F6 /* Release */,
			);
			defaultConfigurationIsVisible = 0;
			defaultConfigurationName = Release;
		};
		6E4F0F062B0FE55B00AE83F6 /* Build configuration list for PBXNativeTarget "Wallet_XXXUITests" */ = {
			isa = XCConfigurationList;
			buildConfigurations = (
				6E4F0F072B0FE55B00AE83F6 /* Debug */,
				6E4F0F082B0FE55B00AE83F6 /* Release */,
			);
			defaultConfigurationIsVisible = 0;
			defaultConfigurationName = Release;
		};
/* End XCConfigurationList section */
	};
	rootObject = 6E4F0ED32B0FE55A00AE83F6 /* Project object */;
}
